github.com/google/go-cmp v0.6.0 h1:ofyhxvXcZhMsU5ulbFiLKl/XBFqE1GSq7atu8tAmTRI=
github.com/google/go-cmp v0.6.0/go.mod h1:17dUlkBOakJ0+DkrSSNjCkIjxS6bF9zb3elmeNGIjoY=
github.com/ulikunitz/lz v0.4.1 h1:H4rI9BePvqjmfmZgNZ6I8SEw+GkGNIFEUJnTxY9RHRU=
github.com/ulikunitz/lz v0.4.1/go.mod h1:kOcqmi51jCj0bKudgng90P1ho4uyQLKzkGaoPBhS+pE=
github.com/ulikunitz/xz v0.6.0-alpha.3.0.20250227202934-03d8b7c53fdb h1:naEX56ZuqlZBxRySRo2ATX++5sKwE9OejZP6mpZcOdI=
github.com/ulikunitz/xz v0.6.0-alpha.3.0.20250227202934-03d8b7c53fdb/go.mod h1:1BNUg5CRn4M9wi6g3RFgUU9ZEI01izWgCJgY8nUOxXM=
golang.org/x/exp v0.0.0-20240325151524-a685a6edb6d8 h1:aAcj0Da7eBAtrTp03QXWvm88pSyOt+UgdZw2BFZ+lEw=
golang.org/x/exp v0.0.0-20240325151524-a685a6edb6d8/go.mod h1:CQ1k9gNrJ50XIzaKCRR2hssIjF07kZFEiieALBM/ARQ=
golang.org/x/sync v0.10.0 h1:3NQrjDixjgGwUOCaF8w2+VYHv0Ve/vGYSbdkTa98gmQ=
golang.org/x/sync v0.10.0/go.mod h1:Czt+wKu1gCyEFDUtn0jG5QVvpJ6rzVqr5aXyt9drQfk=
